
Microsoft Visual Studio Solution File, Format Version 12.00
# Visual Studio Version 17
VisualStudioVersion = 17.4.33213.308
MinimumVisualStudioVersion = 10.0.40219.1
Project("{9A19103F-16F7-4668-BE54-9A1E7A4F7556}") = "GrInterview.Console", "GrInterview.Console\GrInterview.Console.csproj", "{C0BBC180-E3A3-400E-AACD-718D916924D0}"
EndProject
Project("{9A19103F-16F7-4668-BE54-9A1E7A4F7556}") = "GrInterview.Common", "GrInterview.Common\GrInterview.Common.csproj", "{56DC7C99-FDCB-4EAC-BE2B-9EEA7838ED88}"
EndProject
Project("{9A19103F-16F7-4668-BE54-9A1E7A4F7556}") = "GrInterview.Tests", "GrInterview.Tests\GrInterview.Tests.csproj", "{88753133-60D2-4951-96A9-3C55FC22A85F}"
EndProject
Project("{FAE04EC0-301F-11D3-BF4B-00C04F79EFBC}") = "GrInterview.Api", "GrInterview.Api\GrInterview.Api.csproj", "{0D941A82-2CCF-460F-9047-25CB1C5D4B21}"
EndProject
Global
	GlobalSection(SolutionConfigurationPlatforms) = preSolution
		Debug|Any CPU = Debug|Any CPU
		Release|Any CPU = Release|Any CPU
	EndGlobalSection
	GlobalSection(ProjectConfigurationPlatforms) = postSolution
		{C0BBC180-E3A3-400E-AACD-718D916924D0}.Debug|Any CPU.ActiveCfg = Debug|Any CPU
		{C0BBC180-E3A3-400E-AACD-718D916924D0}.Debug|Any CPU.Build.0 = Debug|Any CPU
		{C0BBC180-E3A3-400E-AACD-718D916924D0}.Release|Any CPU.ActiveCfg = Release|Any CPU
		{C0BBC180-E3A3-400E-AACD-718D916924D0}.Release|Any CPU.Build.0 = Release|Any CPU
		{56DC7C99-FDCB-4EAC-BE2B-9EEA7838ED88}.Debug|Any CPU.ActiveCfg = Debug|Any CPU
		{56DC7C99-FDCB-4EAC-BE2B-9EEA7838ED88}.Debug|Any CPU.Build.0 = Debug|Any CPU
		{56DC7C99-FDCB-4EAC-BE2B-9EEA7838ED88}.Release|Any CPU.ActiveCfg = Release|Any CPU
		{56DC7C99-FDCB-4EAC-BE2B-9EEA7838ED88}.Release|Any CPU.Build.0 = Release|Any CPU
		{88753133-60D2-4951-96A9-3C55FC22A85F}.Debug|Any CPU.ActiveCfg = Debug|Any CPU
		{88753133-60D2-4951-96A9-3C55FC22A85F}.Debug|Any CPU.Build.0 = Debug|Any CPU
		{88753133-60D2-4951-96A9-3C55FC22A85F}.Release|Any CPU.ActiveCfg = Release|Any CPU
		{88753133-60D2-4951-96A9-3C55FC22A85F}.Release|Any CPU.Build.0 = Release|Any CPU
		{0D941A82-2CCF-460F-9047-25CB1C5D4B21}.Debug|Any CPU.ActiveCfg = Debug|Any CPU
		{0D941A82-2CCF-460F-9047-25CB1C5D4B21}.Debug|Any CPU.Build.0 = Debug|Any CPU
		{0D941A82-2CCF-460F-9047-25CB1C5D4B21}.Release|Any CPU.ActiveCfg = Release|Any CPU
		{0D941A82-2CCF-460F-9047-25CB1C5D4B21}.Release|Any CPU.Build.0 = Release|Any CPU
	EndGlobalSection
	GlobalSection(SolutionProperties) = preSolution
		HideSolutionNode = FALSE
	EndGlobalSection
	GlobalSection(ExtensibilityGlobals) = postSolution
		SolutionGuid = {8FEC45FA-8C60-4842-BE29-24B8E1CCC30B}
	EndGlobalSection
EndGlobal
